
Microsoft Visual Studio Solution File, Format Version 12.00
# Visual Studio Version 17
VisualStudioVersion = 17.7.34031.279
MinimumVisualStudioVersion = 10.0.40219.1
Project("{FAE04EC0-301F-11D3-BF4B-00C04F79EFBC}") = "MotoAPp", "MotoAPp.csproj", "{87582B66-E444-45E5-83CB-4AFCC319B553}"
EndProject
Global
	GlobalSection(SolutionConfigurationPlatforms) = preSolution
		Debug|Any CPU = Debug|Any CPU
		Release|Any CPU = Release|Any CPU
	EndGlobalSection
	GlobalSection(ProjectConfigurationPlatforms) = postSolution
		{87582B66-E444-45E5-83CB-4AFCC319B553}.Debug|Any CPU.ActiveCfg = Debug|Any CPU
		{87582B66-E444-45E5-83CB-4AFCC319B553}.Debug|Any CPU.Build.0 = Debug|Any CPU
		{87582B66-E444-45E5-83CB-4AFCC319B553}.Release|Any CPU.ActiveCfg = Release|Any CPU
		{87582B66-E444-45E5-83CB-4AFCC319B553}.Release|Any CPU.Build.0 = Release|Any CPU
	EndGlobalSection
	GlobalSection(SolutionProperties) = preSolution
		HideSolutionNode = FALSE
	EndGlobalSection
	GlobalSection(ExtensibilityGlobals) = postSolution
		SolutionGuid = {F8AB92FE-2D43-4F58-9B87-A52204F6645C}
	EndGlobalSection
EndGlobal
